
Microsoft Visual Studio Solution File, Format Version 12.00
# Visual Studio Version 16
VisualStudioVersion = 16.0.810.17
MinimumVisualStudioVersion = 10.0.40219.1
Project("{FAE04EC0-301F-11D3-BF4B-00C04F79EFBC}") = "TDD_Test", "TDD_Test\TDD_Test.csproj", "{9BBC2427-1FEA-4411-BE03-9C507F9FF5C4}"
EndProject
Global
	GlobalSection(SolutionConfigurationPlatforms) = preSolution
		Debug|Any CPU = Debug|Any CPU
		Release|Any CPU = Release|Any CPU
	EndGlobalSection
	GlobalSection(ProjectConfigurationPlatforms) = postSolution
		{9BBC2427-1FEA-4411-BE03-9C507F9FF5C4}.Debug|Any CPU.ActiveCfg = Debug|Any CPU
		{9BBC2427-1FEA-4411-BE03-9C507F9FF5C4}.Debug|Any CPU.Build.0 = Debug|Any CPU
		{9BBC2427-1FEA-4411-BE03-9C507F9FF5C4}.Release|Any CPU.ActiveCfg = Release|Any CPU
		{9BBC2427-1FEA-4411-BE03-9C507F9FF5C4}.Release|Any CPU.Build.0 = Release|Any CPU
	EndGlobalSection
	GlobalSection(SolutionProperties) = preSolution
		HideSolutionNode = FALSE
	EndGlobalSection
	GlobalSection(ExtensibilityGlobals) = postSolution
		SolutionGuid = {7538C660-6F98-4B1D-BDB5-FD0FF45D4F11}
	EndGlobalSection
EndGlobal
